// !$*UTF8*$!
{
	archiveVersion = 1;
	classes = {
	};
	objectVersion = 46;
	objects = {

/* Begin PBXBuildFile section */
		D41848E31E8A5DFF00DD6020 /* BinOp.cpp in Sources */ = {isa = PBXBuildFile; fileRef = D41848E11E8A5DFF00DD6020 /* BinOp.cpp */; };
		D47897C51E87F73C00071122 /* main.cpp in Sources */ = {isa = PBXBuildFile; fileRef = D47897C41E87F73C00071122 /* main.cpp */; };
		D47897CD1E87F75B00071122 /* lexer.cpp in Sources */ = {isa = PBXBuildFile; fileRef = D47897CB1E87F75B00071122 /* lexer.cpp */; };
		D47897D01E88FE0600071122 /* AST.cpp in Sources */ = {isa = PBXBuildFile; fileRef = D47897CE1E88FE0600071122 /* AST.cpp */; };
		D47897D31E89542200071122 /* parser.cpp in Sources */ = {isa = PBXBuildFile; fileRef = D47897D11E89542200071122 /* parser.cpp */; };
/* End PBXBuildFile section */

/* Begin PBXCopyFilesBuildPhase section */
		D47897BF1E87F73C00071122 /* CopyFiles */ = {
			isa = PBXCopyFilesBuildPhase;
			buildActionMask = 2147483647;
			dstPath = /usr/share/man/man1/;
			dstSubfolderSpec = 0;
			files = (
			);
			runOnlyForDeploymentPostprocessing = 1;
		};
/* End PBXCopyFilesBuildPhase section */

/* Begin PBXFileReference section */
		D41848E11E8A5DFF00DD6020 /* BinOp.cpp */ = {isa = PBXFileReference; fileEncoding = 4; lastKnownFileType = sourcecode.cpp.cpp; path = BinOp.cpp; sourceTree = "<group>"; };
		D41848E21E8A5DFF00DD6020 /* BinOp.hpp */ = {isa = PBXFileReference; fileEncoding = 4; lastKnownFileType = sourcecode.cpp.h; path = BinOp.hpp; sourceTree = "<group>"; };
		D47897C11E87F73C00071122 /* Kaleidoscrope */ = {isa = PBXFileReference; explicitFileType = "compiled.mach-o.executable"; includeInIndex = 0; path = Kaleidoscrope; sourceTree = BUILT_PRODUCTS_DIR; };
		D47897C41E87F73C00071122 /* main.cpp */ = {isa = PBXFileReference; lastKnownFileType = sourcecode.cpp.cpp; path = main.cpp; sourceTree = "<group>"; };
		D47897CB1E87F75B00071122 /* lexer.cpp */ = {isa = PBXFileReference; fileEncoding = 4; lastKnownFileType = sourcecode.cpp.cpp; path = lexer.cpp; sourceTree = "<group>"; };
		D47897CC1E87F75B00071122 /* lexer.hpp */ = {isa = PBXFileReference; fileEncoding = 4; lastKnownFileType = sourcecode.cpp.h; path = lexer.hpp; sourceTree = "<group>"; };
		D47897CE1E88FE0600071122 /* AST.cpp */ = {isa = PBXFileReference; fileEncoding = 4; lastKnownFileType = sourcecode.cpp.cpp; path = AST.cpp; sourceTree = "<group>"; };
		D47897CF1E88FE0600071122 /* AST.hpp */ = {isa = PBXFileReference; fileEncoding = 4; lastKnownFileType = sourcecode.cpp.h; path = AST.hpp; sourceTree = "<group>"; };
		D47897D11E89542200071122 /* parser.cpp */ = {isa = PBXFileReference; fileEncoding = 4; lastKnownFileType = sourcecode.cpp.cpp; path = parser.cpp; sourceTree = "<group>"; };
		D47897D21E89542200071122 /* parser.hpp */ = {isa = PBXFileReference; fileEncoding = 4; lastKnownFileType = sourcecode.cpp.h; path = parser.hpp; sourceTree = "<group>"; };
/* End PBXFileReference section */

/* Begin PBXFrameworksBuildPhase section */
		D47897BE1E87F73C00071122 /* Frameworks */ = {
			isa = PBXFrameworksBuildPhase;
			buildActionMask = 2147483647;
			files = (
			);
			runOnlyForDeploymentPostprocessing = 0;
		};
/* End PBXFrameworksBuildPhase section */

/* Begin PBXGroup section */
		D47897B81E87F73C00071122 = {
			isa = PBXGroup;
			children = (
				D47897C31E87F73C00071122 /* Kaleidoscrope */,
				D47897C21E87F73C00071122 /* Products */,
			);
			sourceTree = "<group>";
		};
		D47897C21E87F73C00071122 /* Products */ = {
			isa = PBXGroup;
			children = (
				D47897C11E87F73C00071122 /* Kaleidoscrope */,
			);
			name = Products;
			sourceTree = "<group>";
		};
		D47897C31E87F73C00071122 /* Kaleidoscrope */ = {
			isa = PBXGroup;
			children = (
				D47897C41E87F73C00071122 /* main.cpp */,
				D47897CC1E87F75B00071122 /* lexer.hpp */,
				D47897CB1E87F75B00071122 /* lexer.cpp */,
				D47897CF1E88FE0600071122 /* AST.hpp */,
				D47897CE1E88FE0600071122 /* AST.cpp */,
				D41848E21E8A5DFF00DD6020 /* BinOp.hpp */,
				D41848E11E8A5DFF00DD6020 /* BinOp.cpp */,
				D47897D21E89542200071122 /* parser.hpp */,
				D47897D11E89542200071122 /* parser.cpp */,
			);
			path = Kaleidoscrope;
			sourceTree = "<group>";
		};
/* End PBXGroup section */

/* Begin PBXNativeTarget section */
		D47897C01E87F73C00071122 /* Kaleidoscrope */ = {
			isa = PBXNativeTarget;
			buildConfigurationList = D47897C81E87F73C00071122 /* Build configuration list for PBXNativeTarget "Kaleidoscrope" */;
			buildPhases = (
				D47897BD1E87F73C00071122 /* Sources */,
				D47897BE1E87F73C00071122 /* Frameworks */,
				D47897BF1E87F73C00071122 /* CopyFiles */,
			);
			buildRules = (
			);
			dependencies = (
			);
			name = Kaleidoscrope;
			productName = Kaleidoscrope;
			productReference = D47897C11E87F73C00071122 /* Kaleidoscrope */;
			productType = "com.apple.product-type.tool";
		};
/* End PBXNativeTarget section */

/* Begin PBXProject section */
		D47897B91E87F73C00071122 /* Project object */ = {
			isa = PBXProject;
			attributes = {
				LastUpgradeCheck = 0820;
				ORGANIZATIONNAME = "Zhu Shengqi";
				TargetAttributes = {
					D47897C01E87F73C00071122 = {
						CreatedOnToolsVersion = 8.2.1;
						DevelopmentTeam = DHNJ8N28ZZ;
						ProvisioningStyle = Automatic;
					};
				};
			};
			buildConfigurationList = D47897BC1E87F73C00071122 /* Build configuration list for PBXProject "Kaleidoscrope" */;
			compatibilityVersion = "Xcode 3.2";
			developmentRegion = English;
			hasScannedForEncodings = 0;
			knownRegions = (
				en,
			);
			mainGroup = D47897B81E87F73C00071122;
			productRefGroup = D47897C21E87F73C00071122 /* Products */;
			projectDirPath = "";
			projectRoot = "";
			targets = (
				D47897C01E87F73C00071122 /* Kaleidoscrope */,
			);
		};
/* End PBXProject section */

/* Begin PBXSourcesBuildPhase section */
		D47897BD1E87F73C00071122 /* Sources */ = {
			isa = PBXSourcesBuildPhase;
			buildActionMask = 2147483647;
			files = (
				D41848E31E8A5DFF00DD6020 /* BinOp.cpp in Sources */,
				D47897D31E89542200071122 /* parser.cpp in Sources */,
				D47897D01E88FE0600071122 /* AST.cpp in Sources */,
				D47897CD1E87F75B00071122 /* lexer.cpp in Sources */,
				D47897C51E87F73C00071122 /* main.cpp in Sources */,
			);
			runOnlyForDeploymentPostprocessing = 0;
		};
/* End PBXSourcesBuildPhase section */

/* Begin XCBuildConfiguration section */
		D47897C61E87F73C00071122 /* Debug */ = {
			isa = XCBuildConfiguration;
			buildSettings = {
				ALWAYS_SEARCH_USER_PATHS = NO;
				CLANG_ANALYZER_NONNULL = YES;
				CLANG_CXX_LANGUAGE_STANDARD = "gnu++0x";
				CLANG_CXX_LIBRARY = "libc++";
				CLANG_ENABLE_MODULES = YES;
				CLANG_ENABLE_OBJC_ARC = YES;
				CLANG_WARN_BOOL_CONVERSION = YES;
				CLANG_WARN_CONSTANT_CONVERSION = YES;
				CLANG_WARN_DIRECT_OBJC_ISA_USAGE = YES_ERROR;
				CLANG_WARN_DOCUMENTATION_COMMENTS = YES;
				CLANG_WARN_EMPTY_BODY = YES;
				CLANG_WARN_ENUM_CONVERSION = YES;
				CLANG_WARN_INFINITE_RECURSION = YES;
				CLANG_WARN_INT_CONVERSION = YES;
				CLANG_WARN_OBJC_ROOT_CLASS = YES_ERROR;
				CLANG_WARN_SUSPICIOUS_MOVE = YES;
				CLANG_WARN_UNREACHABLE_CODE = YES;
				CLANG_WARN__DUPLICATE_METHOD_MATCH = YES;
				CODE_SIGN_IDENTITY = "-";
				COPY_PHASE_STRIP = NO;
				DEBUG_INFORMATION_FORMAT = dwarf;
				ENABLE_STRICT_OBJC_MSGSEND = YES;
				ENABLE_TESTABILITY = YES;
				GCC_C_LANGUAGE_STANDARD = gnu99;
				GCC_DYNAMIC_NO_PIC = NO;
				GCC_NO_COMMON_BLOCKS = YES;
				GCC_OPTIMIZATION_LEVEL = 0;
				GCC_PREPROCESSOR_DEFINITIONS = (
					"DEBUG=1",
					"$(inherited)",
				);
				GCC_WARN_64_TO_32_BIT_CONVERSION = YES;
				GCC_WARN_ABOUT_RETURN_TYPE = YES_ERROR;
				GCC_WARN_UNDECLARED_SELECTOR = YES;
				GCC_WARN_UNINITIALIZED_AUTOS = YES_AGGRESSIVE;
				GCC_WARN_UNUSED_FUNCTION = YES;
				GCC_WARN_UNUSED_VARIABLE = YES;
				MACOSX_DEPLOYMENT_TARGET = 10.12;
				MTL_ENABLE_DEBUG_INFO = YES;
				ONLY_ACTIVE_ARCH = YES;
				SDKROOT = macosx;
			};
			name = Debug;
		};
		D47897C71E87F73C00071122 /* Release */ = {
			isa = XCBuildConfiguration;
			buildSettings = {
				ALWAYS_SEARCH_USER_PATHS = NO;
				CLANG_ANALYZER_NONNULL = YES;
				CLANG_CXX_LANGUAGE_STANDARD = "gnu++0x";
				CLANG_CXX_LIBRARY = "libc++";
				CLANG_ENABLE_MODULES = YES;
				CLANG_ENABLE_OBJC_ARC = YES;
				CLANG_WARN_BOOL_CONVERSION = YES;
				CLANG_WARN_CONSTANT_CONVERSION = YES;
				CLANG_WARN_DIRECT_OBJC_ISA_USAGE = YES_ERROR;
				CLANG_WARN_DOCUMENTATION_COMMENTS = YES;
				CLANG_WARN_EMPTY_BODY = YES;
				CLANG_WARN_ENUM_CONVERSION = YES;
				CLANG_WARN_INFINITE_RECURSION = YES;
				CLANG_WARN_INT_CONVERSION = YES;
				CLANG_WARN_OBJC_ROOT_CLASS = YES_ERROR;
				CLANG_WARN_SUSPICIOUS_MOVE = YES;
				CLANG_WARN_UNREACHABLE_CODE = YES;
				CLANG_WARN__DUPLICATE_METHOD_MATCH = YES;
				CODE_SIGN_IDENTITY = "-";
				COPY_PHASE_STRIP = NO;
				DEBUG_INFORMATION_FORMAT = "dwarf-with-dsym";
				ENABLE_NS_ASSERTIONS = NO;
				ENABLE_STRICT_OBJC_MSGSEND = YES;
				GCC_C_LANGUAGE_STANDARD = gnu99;
				GCC_NO_COMMON_BLOCKS = YES;
				GCC_WARN_64_TO_32_BIT_CONVERSION = YES;
				GCC_WARN_ABOUT_RETURN_TYPE = YES_ERROR;
				GCC_WARN_UNDECLARED_SELECTOR = YES;
				GCC_WARN_UNINITIALIZED_AUTOS = YES_AGGRESSIVE;
				GCC_WARN_UNUSED_FUNCTION = YES;
				GCC_WARN_UNUSED_VARIABLE = YES;
				MACOSX_DEPLOYMENT_TARGET = 10.12;
				MTL_ENABLE_DEBUG_INFO = NO;
				SDKROOT = macosx;
			};
			name = Release;
		};
		D47897C91E87F73C00071122 /* Debug */ = {
			isa = XCBuildConfiguration;
			buildSettings = {
				CLANG_CXX_LANGUAGE_STANDARD = "c++14";
				DEVELOPMENT_TEAM = DHNJ8N28ZZ;
				PRODUCT_NAME = "$(TARGET_NAME)";
			};
			name = Debug;
		};
		D47897CA1E87F73C00071122 /* Release */ = {
			isa = XCBuildConfiguration;
			buildSettings = {
				CLANG_CXX_LANGUAGE_STANDARD = "c++14";
				DEVELOPMENT_TEAM = DHNJ8N28ZZ;
				PRODUCT_NAME = "$(TARGET_NAME)";
			};
			name = Release;
		};
/* End XCBuildConfiguration section */

/* Begin XCConfigurationList section */
		D47897BC1E87F73C00071122 /* Build configuration list for PBXProject "Kaleidoscrope" */ = {
			isa = XCConfigurationList;
			buildConfigurations = (
				D47897C61E87F73C00071122 /* Debug */,
				D47897C71E87F73C00071122 /* Release */,
			);
			defaultConfigurationIsVisible = 0;
			defaultConfigurationName = Release;
		};
		D47897C81E87F73C00071122 /* Build configuration list for PBXNativeTarget "Kaleidoscrope" */ = {
			isa = XCConfigurationList;
			buildConfigurations = (
				D47897C91E87F73C00071122 /* Debug */,
				D47897CA1E87F73C00071122 /* Release */,
			);
			defaultConfigurationIsVisible = 0;
			defaultConfigurationName = Release;
		};
/* End XCConfigurationList section */
	};
	rootObject = D47897B91E87F73C00071122 /* Project object */;
}
